
Microsoft Visual Studio Solution File, Format Version 12.00
# Visual Studio 14
VisualStudioVersion = 14.0.23107.0
MinimumVisualStudioVersion = 10.0.40219.1
Project("{FAE04EC0-301F-11D3-BF4B-00C04F79EFBC}") = "AutoHostsUpdateService", "AutoHostsUpdateService\AutoHostsUpdateService.csproj", "{A9438672-A515-41EC-8FD0-B261F866ABAB}"
EndProject
Project("{FAE04EC0-301F-11D3-BF4B-00C04F79EFBC}") = "AutoHostsUpdateGUI", "AutoHostsUpdateGUI\AutoHostsUpdateGUI.csproj", "{97CE1D4C-A103-4829-BB1B-2D43C836F18D}"
EndProject
Project("{FAE04EC0-301F-11D3-BF4B-00C04F79EFBC}") = "UtilitiesLib", "UtilitiesLib\UtilitiesLib.csproj", "{93164F83-7C46-4578-A1C8-C56B6281FC18}"
EndProject
Global
	GlobalSection(SolutionConfigurationPlatforms) = preSolution
		CD_ROM|Any CPU = CD_ROM|Any CPU
		Debug|Any CPU = Debug|Any CPU
		DVD-5|Any CPU = DVD-5|Any CPU
		Release|Any CPU = Release|Any CPU
		SingleImage|Any CPU = SingleImage|Any CPU
	EndGlobalSection
	GlobalSection(ProjectConfigurationPlatforms) = postSolution
		{A9438672-A515-41EC-8FD0-B261F866ABAB}.CD_ROM|Any CPU.ActiveCfg = Release|Any CPU
		{A9438672-A515-41EC-8FD0-B261F866ABAB}.CD_ROM|Any CPU.Build.0 = Release|Any CPU
		{A9438672-A515-41EC-8FD0-B261F866ABAB}.Debug|Any CPU.ActiveCfg = Debug|Any CPU
		{A9438672-A515-41EC-8FD0-B261F866ABAB}.Debug|Any CPU.Build.0 = Debug|Any CPU
		{A9438672-A515-41EC-8FD0-B261F866ABAB}.DVD-5|Any CPU.ActiveCfg = Debug|Any CPU
		{A9438672-A515-41EC-8FD0-B261F866ABAB}.DVD-5|Any CPU.Build.0 = Debug|Any CPU
		{A9438672-A515-41EC-8FD0-B261F866ABAB}.Release|Any CPU.ActiveCfg = Release|Any CPU
		{A9438672-A515-41EC-8FD0-B261F866ABAB}.Release|Any CPU.Build.0 = Release|Any CPU
		{A9438672-A515-41EC-8FD0-B261F866ABAB}.Release|Any CPU.Deploy.0 = Release|Any CPU
		{A9438672-A515-41EC-8FD0-B261F866ABAB}.SingleImage|Any CPU.ActiveCfg = Release|Any CPU
		{A9438672-A515-41EC-8FD0-B261F866ABAB}.SingleImage|Any CPU.Build.0 = Release|Any CPU
		{97CE1D4C-A103-4829-BB1B-2D43C836F18D}.CD_ROM|Any CPU.ActiveCfg = Release|Any CPU
		{97CE1D4C-A103-4829-BB1B-2D43C836F18D}.CD_ROM|Any CPU.Build.0 = Release|Any CPU
		{97CE1D4C-A103-4829-BB1B-2D43C836F18D}.Debug|Any CPU.ActiveCfg = Debug|Any CPU
		{97CE1D4C-A103-4829-BB1B-2D43C836F18D}.Debug|Any CPU.Build.0 = Debug|Any CPU
		{97CE1D4C-A103-4829-BB1B-2D43C836F18D}.DVD-5|Any CPU.ActiveCfg = Debug|Any CPU
		{97CE1D4C-A103-4829-BB1B-2D43C836F18D}.DVD-5|Any CPU.Build.0 = Debug|Any CPU
		{97CE1D4C-A103-4829-BB1B-2D43C836F18D}.Release|Any CPU.ActiveCfg = Release|Any CPU
		{97CE1D4C-A103-4829-BB1B-2D43C836F18D}.Release|Any CPU.Build.0 = Release|Any CPU
		{97CE1D4C-A103-4829-BB1B-2D43C836F18D}.SingleImage|Any CPU.ActiveCfg = Release|Any CPU
		{97CE1D4C-A103-4829-BB1B-2D43C836F18D}.SingleImage|Any CPU.Build.0 = Release|Any CPU
		{93164F83-7C46-4578-A1C8-C56B6281FC18}.CD_ROM|Any CPU.ActiveCfg = Release|Any CPU
		{93164F83-7C46-4578-A1C8-C56B6281FC18}.CD_ROM|Any CPU.Build.0 = Release|Any CPU
		{93164F83-7C46-4578-A1C8-C56B6281FC18}.Debug|Any CPU.ActiveCfg = Debug|Any CPU
		{93164F83-7C46-4578-A1C8-C56B6281FC18}.Debug|Any CPU.Build.0 = Debug|Any CPU
		{93164F83-7C46-4578-A1C8-C56B6281FC18}.DVD-5|Any CPU.ActiveCfg = Debug|Any CPU
		{93164F83-7C46-4578-A1C8-C56B6281FC18}.DVD-5|Any CPU.Build.0 = Debug|Any CPU
		{93164F83-7C46-4578-A1C8-C56B6281FC18}.Release|Any CPU.ActiveCfg = Release|Any CPU
		{93164F83-7C46-4578-A1C8-C56B6281FC18}.Release|Any CPU.Build.0 = Release|Any CPU
		{93164F83-7C46-4578-A1C8-C56B6281FC18}.Release|Any CPU.Deploy.0 = Release|Any CPU
		{93164F83-7C46-4578-A1C8-C56B6281FC18}.SingleImage|Any CPU.ActiveCfg = Release|Any CPU
		{93164F83-7C46-4578-A1C8-C56B6281FC18}.SingleImage|Any CPU.Build.0 = Release|Any CPU
	EndGlobalSection
	GlobalSection(SolutionProperties) = preSolution
		HideSolutionNode = FALSE
	EndGlobalSection
EndGlobal
