
Microsoft Visual Studio Solution File, Format Version 12.00
# Visual Studio 14
VisualStudioVersion = 14.0.25123.0
MinimumVisualStudioVersion = 10.0.40219.1
Project("{FAE04EC0-301F-11D3-BF4B-00C04F79EFBC}") = "AdbOperations", "AdbOperations\AdbOperations.csproj", "{779CB4FF-ADCA-4721-80BA-664A0FEAC0DC}"
EndProject
Project("{FAE04EC0-301F-11D3-BF4B-00C04F79EFBC}") = "AutoTapGUI", "AutoTapGUI\AutoTapGUI.csproj", "{B5A19719-996D-4E71-9F91-2D391F109500}"
EndProject
Project("{FAE04EC0-301F-11D3-BF4B-00C04F79EFBC}") = "Utilities", "Utilities\Utilities.csproj", "{4FCFAE8E-248D-48BE-8BB4-AC6AB0338DBF}"
EndProject
Project("{930C7802-8A8C-48F9-8165-68863BCCD9DD}") = "Setup", "Setup\Setup.wixproj", "{82172A46-4F81-4BD1-8502-E8C7948F787D}"
EndProject
Global
	GlobalSection(SolutionConfigurationPlatforms) = preSolution
		Debug|Any CPU = Debug|Any CPU
		Debug|x64 = Debug|x64
		Debug|x86 = Debug|x86
		Release|Any CPU = Release|Any CPU
		Release|x64 = Release|x64
		Release|x86 = Release|x86
	EndGlobalSection
	GlobalSection(ProjectConfigurationPlatforms) = postSolution
		{779CB4FF-ADCA-4721-80BA-664A0FEAC0DC}.Debug|Any CPU.ActiveCfg = Debug|Any CPU
		{779CB4FF-ADCA-4721-80BA-664A0FEAC0DC}.Debug|Any CPU.Build.0 = Debug|Any CPU
		{779CB4FF-ADCA-4721-80BA-664A0FEAC0DC}.Debug|x64.ActiveCfg = Debug|Any CPU
		{779CB4FF-ADCA-4721-80BA-664A0FEAC0DC}.Debug|x64.Build.0 = Debug|Any CPU
		{779CB4FF-ADCA-4721-80BA-664A0FEAC0DC}.Debug|x86.ActiveCfg = Debug|Any CPU
		{779CB4FF-ADCA-4721-80BA-664A0FEAC0DC}.Debug|x86.Build.0 = Debug|Any CPU
		{779CB4FF-ADCA-4721-80BA-664A0FEAC0DC}.Release|Any CPU.ActiveCfg = Release|Any CPU
		{779CB4FF-ADCA-4721-80BA-664A0FEAC0DC}.Release|Any CPU.Build.0 = Release|Any CPU
		{779CB4FF-ADCA-4721-80BA-664A0FEAC0DC}.Release|x64.ActiveCfg = Release|Any CPU
		{779CB4FF-ADCA-4721-80BA-664A0FEAC0DC}.Release|x64.Build.0 = Release|Any CPU
		{779CB4FF-ADCA-4721-80BA-664A0FEAC0DC}.Release|x86.ActiveCfg = Release|Any CPU
		{779CB4FF-ADCA-4721-80BA-664A0FEAC0DC}.Release|x86.Build.0 = Release|Any CPU
		{B5A19719-996D-4E71-9F91-2D391F109500}.Debug|Any CPU.ActiveCfg = Debug|Any CPU
		{B5A19719-996D-4E71-9F91-2D391F109500}.Debug|Any CPU.Build.0 = Debug|Any CPU
		{B5A19719-996D-4E71-9F91-2D391F109500}.Debug|x64.ActiveCfg = Debug|Any CPU
		{B5A19719-996D-4E71-9F91-2D391F109500}.Debug|x64.Build.0 = Debug|Any CPU
		{B5A19719-996D-4E71-9F91-2D391F109500}.Debug|x86.ActiveCfg = Debug|Any CPU
		{B5A19719-996D-4E71-9F91-2D391F109500}.Debug|x86.Build.0 = Debug|Any CPU
		{B5A19719-996D-4E71-9F91-2D391F109500}.Release|Any CPU.ActiveCfg = Release|Any CPU
		{B5A19719-996D-4E71-9F91-2D391F109500}.Release|Any CPU.Build.0 = Release|Any CPU
		{B5A19719-996D-4E71-9F91-2D391F109500}.Release|x64.ActiveCfg = Release|Any CPU
		{B5A19719-996D-4E71-9F91-2D391F109500}.Release|x64.Build.0 = Release|Any CPU
		{B5A19719-996D-4E71-9F91-2D391F109500}.Release|x86.ActiveCfg = Release|Any CPU
		{B5A19719-996D-4E71-9F91-2D391F109500}.Release|x86.Build.0 = Release|Any CPU
		{4FCFAE8E-248D-48BE-8BB4-AC6AB0338DBF}.Debug|Any CPU.ActiveCfg = Debug|Any CPU
		{4FCFAE8E-248D-48BE-8BB4-AC6AB0338DBF}.Debug|Any CPU.Build.0 = Debug|Any CPU
		{4FCFAE8E-248D-48BE-8BB4-AC6AB0338DBF}.Debug|x64.ActiveCfg = Debug|Any CPU
		{4FCFAE8E-248D-48BE-8BB4-AC6AB0338DBF}.Debug|x64.Build.0 = Debug|Any CPU
		{4FCFAE8E-248D-48BE-8BB4-AC6AB0338DBF}.Debug|x86.ActiveCfg = Debug|Any CPU
		{4FCFAE8E-248D-48BE-8BB4-AC6AB0338DBF}.Debug|x86.Build.0 = Debug|Any CPU
		{4FCFAE8E-248D-48BE-8BB4-AC6AB0338DBF}.Release|Any CPU.ActiveCfg = Release|Any CPU
		{4FCFAE8E-248D-48BE-8BB4-AC6AB0338DBF}.Release|Any CPU.Build.0 = Release|Any CPU
		{4FCFAE8E-248D-48BE-8BB4-AC6AB0338DBF}.Release|x64.ActiveCfg = Release|Any CPU
		{4FCFAE8E-248D-48BE-8BB4-AC6AB0338DBF}.Release|x64.Build.0 = Release|Any CPU
		{4FCFAE8E-248D-48BE-8BB4-AC6AB0338DBF}.Release|x86.ActiveCfg = Release|Any CPU
		{4FCFAE8E-248D-48BE-8BB4-AC6AB0338DBF}.Release|x86.Build.0 = Release|Any CPU
		{82172A46-4F81-4BD1-8502-E8C7948F787D}.Debug|Any CPU.ActiveCfg = Debug|x86
		{82172A46-4F81-4BD1-8502-E8C7948F787D}.Debug|x64.ActiveCfg = Debug|x86
		{82172A46-4F81-4BD1-8502-E8C7948F787D}.Debug|x86.ActiveCfg = Debug|x86
		{82172A46-4F81-4BD1-8502-E8C7948F787D}.Debug|x86.Build.0 = Debug|x86
		{82172A46-4F81-4BD1-8502-E8C7948F787D}.Release|Any CPU.ActiveCfg = Release|x86
		{82172A46-4F81-4BD1-8502-E8C7948F787D}.Release|x64.ActiveCfg = Release|x86
		{82172A46-4F81-4BD1-8502-E8C7948F787D}.Release|x86.ActiveCfg = Release|x86
		{82172A46-4F81-4BD1-8502-E8C7948F787D}.Release|x86.Build.0 = Release|x86
	EndGlobalSection
	GlobalSection(SolutionProperties) = preSolution
		HideSolutionNode = FALSE
	EndGlobalSection
	GlobalSection(TeamFoundationVersionControl) = preSolution
		SccNumberOfProjects = 5
		SccEnterpriseProvider = {4CA58AB2-18FA-4F8D-95D4-32DDF27D184C}
		SccTeamFoundationServer = https://dmorita.visualstudio.com/defaultcollection
		SccLocalPath0 = .
		SccProjectUniqueName1 = AdbOperations\\AdbOperations.csproj
		SccProjectName1 = AdbOperations
		SccLocalPath1 = AdbOperations
		SccProjectUniqueName2 = AutoTapGUI\\AutoTapGUI.csproj
		SccProjectName2 = AutoTapGUI
		SccLocalPath2 = AutoTapGUI
		SccProjectUniqueName3 = Utilities\\Utilities.csproj
		SccProjectName3 = Utilities
		SccLocalPath3 = Utilities
		SccProjectUniqueName4 = Setup\\Setup.wixproj
		SccProjectName4 = Setup
		SccLocalPath4 = Setup
	EndGlobalSection
EndGlobal
